
Microsoft Visual Studio Solution File, Format Version 12.00
# Visual Studio Version 17
VisualStudioVersion = 17.13.35919.96
MinimumVisualStudioVersion = 10.0.40219.1
Project("{FAE04EC0-301F-11D3-BF4B-00C04F79EFBC}") = "trabalhofinal", "trabalhofinal\trabalhofinal.csproj", "{15D9D4E3-9F8D-47A1-A116-2BC8DB47730C}"
EndProject
Project("{2150E333-8FDC-42A3-9474-1A3956D46DE8}") = "service", "service", "{02EA681E-C7D8-13C7-8484-4AC65E1B71E8}"
	ProjectSection(SolutionItems) = preProject
		trabalhofinal\Dominio\NotaService.cs = trabalhofinal\Dominio\NotaService.cs
		trabalhofinal\Dominio\ProfessoresService.cs = trabalhofinal\Dominio\ProfessoresService.cs
		trabalhofinal\Service.cs = trabalhofinal\Service.cs
		trabalhofinal\Dominio\TurmaService.cs = trabalhofinal\Dominio\TurmaService.cs
	EndProjectSection
EndProject
Global
	GlobalSection(SolutionConfigurationPlatforms) = preSolution
		Debug|Any CPU = Debug|Any CPU
		Release|Any CPU = Release|Any CPU
	EndGlobalSection
	GlobalSection(ProjectConfigurationPlatforms) = postSolution
		{15D9D4E3-9F8D-47A1-A116-2BC8DB47730C}.Debug|Any CPU.ActiveCfg = Debug|Any CPU
		{15D9D4E3-9F8D-47A1-A116-2BC8DB47730C}.Debug|Any CPU.Build.0 = Debug|Any CPU
		{15D9D4E3-9F8D-47A1-A116-2BC8DB47730C}.Release|Any CPU.ActiveCfg = Release|Any CPU
		{15D9D4E3-9F8D-47A1-A116-2BC8DB47730C}.Release|Any CPU.Build.0 = Release|Any CPU
	EndGlobalSection
	GlobalSection(SolutionProperties) = preSolution
		HideSolutionNode = FALSE
	EndGlobalSection
	GlobalSection(ExtensibilityGlobals) = postSolution
		SolutionGuid = {81472A4A-00EE-47C3-A02D-D301DEF37DD5}
	EndGlobalSection
EndGlobal
